
Microsoft Visual Studio Solution File, Format Version 12.00
# Visual Studio 15
VisualStudioVersion = 15.0.26124.0
MinimumVisualStudioVersion = 15.0.26124.0
Project("{FAE04EC0-301F-11D3-BF4B-00C04F79EFBC}") = "webapi", "webapi\webapi.csproj", "{0CCDB29C-5C2B-4ED9-8FB8-67FD3929D92A}"
EndProject
Project("{FAE04EC0-301F-11D3-BF4B-00C04F79EFBC}") = "webapi.core", "webapi.core\webapi.core.csproj", "{4BE2AF3C-CDC0-487E-A6BE-7311B03E4AE9}"
EndProject
Project("{FAE04EC0-301F-11D3-BF4B-00C04F79EFBC}") = "webapi.infrastructure", "webapi.infrastructure\webapi.infrastructure.csproj", "{8CA25597-B3F2-4AB4-9CE2-20F680CAC263}"
EndProject
Project("{FAE04EC0-301F-11D3-BF4B-00C04F79EFBC}") = "webapi.tests", "webapi.tests\webapi.tests.csproj", "{7C98AFE2-404A-485D-BCBE-3123F1D3F62C}"
EndProject
Global
	GlobalSection(SolutionConfigurationPlatforms) = preSolution
		Debug|Any CPU = Debug|Any CPU
		Debug|x64 = Debug|x64
		Debug|x86 = Debug|x86
		Release|Any CPU = Release|Any CPU
		Release|x64 = Release|x64
		Release|x86 = Release|x86
	EndGlobalSection
	GlobalSection(SolutionProperties) = preSolution
		HideSolutionNode = FALSE
	EndGlobalSection
	GlobalSection(ProjectConfigurationPlatforms) = postSolution
		{0CCDB29C-5C2B-4ED9-8FB8-67FD3929D92A}.Debug|Any CPU.ActiveCfg = Debug|Any CPU
		{0CCDB29C-5C2B-4ED9-8FB8-67FD3929D92A}.Debug|Any CPU.Build.0 = Debug|Any CPU
		{0CCDB29C-5C2B-4ED9-8FB8-67FD3929D92A}.Debug|x64.ActiveCfg = Debug|Any CPU
		{0CCDB29C-5C2B-4ED9-8FB8-67FD3929D92A}.Debug|x64.Build.0 = Debug|Any CPU
		{0CCDB29C-5C2B-4ED9-8FB8-67FD3929D92A}.Debug|x86.ActiveCfg = Debug|Any CPU
		{0CCDB29C-5C2B-4ED9-8FB8-67FD3929D92A}.Debug|x86.Build.0 = Debug|Any CPU
		{0CCDB29C-5C2B-4ED9-8FB8-67FD3929D92A}.Release|Any CPU.ActiveCfg = Release|Any CPU
		{0CCDB29C-5C2B-4ED9-8FB8-67FD3929D92A}.Release|Any CPU.Build.0 = Release|Any CPU
		{0CCDB29C-5C2B-4ED9-8FB8-67FD3929D92A}.Release|x64.ActiveCfg = Release|Any CPU
		{0CCDB29C-5C2B-4ED9-8FB8-67FD3929D92A}.Release|x64.Build.0 = Release|Any CPU
		{0CCDB29C-5C2B-4ED9-8FB8-67FD3929D92A}.Release|x86.ActiveCfg = Release|Any CPU
		{0CCDB29C-5C2B-4ED9-8FB8-67FD3929D92A}.Release|x86.Build.0 = Release|Any CPU
		{4BE2AF3C-CDC0-487E-A6BE-7311B03E4AE9}.Debug|Any CPU.ActiveCfg = Debug|Any CPU
		{4BE2AF3C-CDC0-487E-A6BE-7311B03E4AE9}.Debug|Any CPU.Build.0 = Debug|Any CPU
		{4BE2AF3C-CDC0-487E-A6BE-7311B03E4AE9}.Debug|x64.ActiveCfg = Debug|Any CPU
		{4BE2AF3C-CDC0-487E-A6BE-7311B03E4AE9}.Debug|x64.Build.0 = Debug|Any CPU
		{4BE2AF3C-CDC0-487E-A6BE-7311B03E4AE9}.Debug|x86.ActiveCfg = Debug|Any CPU
		{4BE2AF3C-CDC0-487E-A6BE-7311B03E4AE9}.Debug|x86.Build.0 = Debug|Any CPU
		{4BE2AF3C-CDC0-487E-A6BE-7311B03E4AE9}.Release|Any CPU.ActiveCfg = Release|Any CPU
		{4BE2AF3C-CDC0-487E-A6BE-7311B03E4AE9}.Release|Any CPU.Build.0 = Release|Any CPU
		{4BE2AF3C-CDC0-487E-A6BE-7311B03E4AE9}.Release|x64.ActiveCfg = Release|Any CPU
		{4BE2AF3C-CDC0-487E-A6BE-7311B03E4AE9}.Release|x64.Build.0 = Release|Any CPU
		{4BE2AF3C-CDC0-487E-A6BE-7311B03E4AE9}.Release|x86.ActiveCfg = Release|Any CPU
		{4BE2AF3C-CDC0-487E-A6BE-7311B03E4AE9}.Release|x86.Build.0 = Release|Any CPU
		{8CA25597-B3F2-4AB4-9CE2-20F680CAC263}.Debug|Any CPU.ActiveCfg = Debug|Any CPU
		{8CA25597-B3F2-4AB4-9CE2-20F680CAC263}.Debug|Any CPU.Build.0 = Debug|Any CPU
		{8CA25597-B3F2-4AB4-9CE2-20F680CAC263}.Debug|x64.ActiveCfg = Debug|Any CPU
		{8CA25597-B3F2-4AB4-9CE2-20F680CAC263}.Debug|x64.Build.0 = Debug|Any CPU
		{8CA25597-B3F2-4AB4-9CE2-20F680CAC263}.Debug|x86.ActiveCfg = Debug|Any CPU
		{8CA25597-B3F2-4AB4-9CE2-20F680CAC263}.Debug|x86.Build.0 = Debug|Any CPU
		{8CA25597-B3F2-4AB4-9CE2-20F680CAC263}.Release|Any CPU.ActiveCfg = Release|Any CPU
		{8CA25597-B3F2-4AB4-9CE2-20F680CAC263}.Release|Any CPU.Build.0 = Release|Any CPU
		{8CA25597-B3F2-4AB4-9CE2-20F680CAC263}.Release|x64.ActiveCfg = Release|Any CPU
		{8CA25597-B3F2-4AB4-9CE2-20F680CAC263}.Release|x64.Build.0 = Release|Any CPU
		{8CA25597-B3F2-4AB4-9CE2-20F680CAC263}.Release|x86.ActiveCfg = Release|Any CPU
		{8CA25597-B3F2-4AB4-9CE2-20F680CAC263}.Release|x86.Build.0 = Release|Any CPU
		{7C98AFE2-404A-485D-BCBE-3123F1D3F62C}.Debug|Any CPU.ActiveCfg = Debug|Any CPU
		{7C98AFE2-404A-485D-BCBE-3123F1D3F62C}.Debug|Any CPU.Build.0 = Debug|Any CPU
		{7C98AFE2-404A-485D-BCBE-3123F1D3F62C}.Debug|x64.ActiveCfg = Debug|Any CPU
		{7C98AFE2-404A-485D-BCBE-3123F1D3F62C}.Debug|x64.Build.0 = Debug|Any CPU
		{7C98AFE2-404A-485D-BCBE-3123F1D3F62C}.Debug|x86.ActiveCfg = Debug|Any CPU
		{7C98AFE2-404A-485D-BCBE-3123F1D3F62C}.Debug|x86.Build.0 = Debug|Any CPU
		{7C98AFE2-404A-485D-BCBE-3123F1D3F62C}.Release|Any CPU.ActiveCfg = Release|Any CPU
		{7C98AFE2-404A-485D-BCBE-3123F1D3F62C}.Release|Any CPU.Build.0 = Release|Any CPU
		{7C98AFE2-404A-485D-BCBE-3123F1D3F62C}.Release|x64.ActiveCfg = Release|Any CPU
		{7C98AFE2-404A-485D-BCBE-3123F1D3F62C}.Release|x64.Build.0 = Release|Any CPU
		{7C98AFE2-404A-485D-BCBE-3123F1D3F62C}.Release|x86.ActiveCfg = Release|Any CPU
		{7C98AFE2-404A-485D-BCBE-3123F1D3F62C}.Release|x86.Build.0 = Release|Any CPU
	EndGlobalSection
EndGlobal
